
Microsoft Visual Studio Solution File, Format Version 12.00
# Visual Studio Version 17
VisualStudioVersion = 17.7.34031.279
MinimumVisualStudioVersion = 10.0.40219.1
Project("{FAE04EC0-301F-11D3-BF4B-00C04F79EFBC}") = "AppDevGCD2501", "AppDevGCD2501\AppDevGCD2501.csproj", "{4E1A8DC6-C4BE-4224-8F34-D8DBF1968ECD}"
EndProject
Global
	GlobalSection(SolutionConfigurationPlatforms) = preSolution
		Debug|Any CPU = Debug|Any CPU
		Release|Any CPU = Release|Any CPU
	EndGlobalSection
	GlobalSection(ProjectConfigurationPlatforms) = postSolution
		{4E1A8DC6-C4BE-4224-8F34-D8DBF1968ECD}.Debug|Any CPU.ActiveCfg = Debug|Any CPU
		{4E1A8DC6-C4BE-4224-8F34-D8DBF1968ECD}.Debug|Any CPU.Build.0 = Debug|Any CPU
		{4E1A8DC6-C4BE-4224-8F34-D8DBF1968ECD}.Release|Any CPU.ActiveCfg = Release|Any CPU
		{4E1A8DC6-C4BE-4224-8F34-D8DBF1968ECD}.Release|Any CPU.Build.0 = Release|Any CPU
	EndGlobalSection
	GlobalSection(SolutionProperties) = preSolution
		HideSolutionNode = FALSE
	EndGlobalSection
	GlobalSection(ExtensibilityGlobals) = postSolution
		SolutionGuid = {36A62E39-7F80-4662-90A5-72BFF22C8930}
	EndGlobalSection
EndGlobal
